// !$*UTF8*$!
{
	archiveVersion = 1;
	classes = {
	};
	objectVersion = 46;
	objects = {

/* Begin PBXBuildFile section */
		D0936A0D1DE5FE830078AE47 /* AppDelegate.swift in Sources */ = {isa = PBXBuildFile; fileRef = D0936A0C1DE5FE830078AE47 /* AppDelegate.swift */; };
		D0936A0F1DE5FE830078AE47 /* ViewController.swift in Sources */ = {isa = PBXBuildFile; fileRef = D0936A0E1DE5FE830078AE47 /* ViewController.swift */; };
		D0936A121DE5FE830078AE47 /* Main.storyboard in Resources */ = {isa = PBXBuildFile; fileRef = D0936A101DE5FE830078AE47 /* Main.storyboard */; };
		D0936A151DE5FE830078AE47 /* DrinkingGames.xcdatamodeld in Sources */ = {isa = PBXBuildFile; fileRef = D0936A131DE5FE830078AE47 /* DrinkingGames.xcdatamodeld */; };
		D0936A171DE5FE830078AE47 /* Assets.xcassets in Resources */ = {isa = PBXBuildFile; fileRef = D0936A161DE5FE830078AE47 /* Assets.xcassets */; };
		D0936A1A1DE5FE830078AE47 /* LaunchScreen.storyboard in Resources */ = {isa = PBXBuildFile; fileRef = D0936A181DE5FE830078AE47 /* LaunchScreen.storyboard */; };
/* End PBXBuildFile section */

/* Begin PBXFileReference section */
		D0936A091DE5FE830078AE47 /* DrinkingGames.app */ = {isa = PBXFileReference; explicitFileType = wrapper.application; includeInIndex = 0; path = DrinkingGames.app; sourceTree = BUILT_PRODUCTS_DIR; };
		D0936A0C1DE5FE830078AE47 /* AppDelegate.swift */ = {isa = PBXFileReference; lastKnownFileType = sourcecode.swift; path = AppDelegate.swift; sourceTree = "<group>"; };
		D0936A0E1DE5FE830078AE47 /* ViewController.swift */ = {isa = PBXFileReference; lastKnownFileType = sourcecode.swift; path = ViewController.swift; sourceTree = "<group>"; };
		D0936A111DE5FE830078AE47 /* Base */ = {isa = PBXFileReference; lastKnownFileType = file.storyboard; name = Base; path = Base.lproj/Main.storyboard; sourceTree = "<group>"; };
		D0936A141DE5FE830078AE47 /* DrinkingGames.xcdatamodel */ = {isa = PBXFileReference; lastKnownFileType = wrapper.xcdatamodel; path = DrinkingGames.xcdatamodel; sourceTree = "<group>"; };
		D0936A161DE5FE830078AE47 /* Assets.xcassets */ = {isa = PBXFileReference; lastKnownFileType = folder.assetcatalog; path = Assets.xcassets; sourceTree = "<group>"; };
		D0936A191DE5FE830078AE47 /* Base */ = {isa = PBXFileReference; lastKnownFileType = file.storyboard; name = Base; path = Base.lproj/LaunchScreen.storyboard; sourceTree = "<group>"; };
		D0936A1B1DE5FE830078AE47 /* Info.plist */ = {isa = PBXFileReference; lastKnownFileType = text.plist.xml; path = Info.plist; sourceTree = "<group>"; };
/* End PBXFileReference section */

/* Begin PBXFrameworksBuildPhase section */
		D0936A061DE5FE830078AE47 /* Frameworks */ = {
			isa = PBXFrameworksBuildPhase;
			buildActionMask = 2147483647;
			files = (
			);
			runOnlyForDeploymentPostprocessing = 0;
		};
/* End PBXFrameworksBuildPhase section */

/* Begin PBXGroup section */
		D0936A001DE5FE820078AE47 = {
			isa = PBXGroup;
			children = (
				D0936A0B1DE5FE830078AE47 /* DrinkingGames */,
				D0936A0A1DE5FE830078AE47 /* Products */,
			);
			sourceTree = "<group>";
		};
		D0936A0A1DE5FE830078AE47 /* Products */ = {
			isa = PBXGroup;
			children = (
				D0936A091DE5FE830078AE47 /* DrinkingGames.app */,
			);
			name = Products;
			sourceTree = "<group>";
		};
		D0936A0B1DE5FE830078AE47 /* DrinkingGames */ = {
			isa = PBXGroup;
			children = (
				D0936A0C1DE5FE830078AE47 /* AppDelegate.swift */,
				D0936A0E1DE5FE830078AE47 /* ViewController.swift */,
				D0936A101DE5FE830078AE47 /* Main.storyboard */,
				D0936A161DE5FE830078AE47 /* Assets.xcassets */,
				D0936A181DE5FE830078AE47 /* LaunchScreen.storyboard */,
				D0936A1B1DE5FE830078AE47 /* Info.plist */,
				D0936A131DE5FE830078AE47 /* DrinkingGames.xcdatamodeld */,
			);
			path = DrinkingGames;
			sourceTree = "<group>";
		};
/* End PBXGroup section */

/* Begin PBXNativeTarget section */
		D0936A081DE5FE830078AE47 /* DrinkingGames */ = {
			isa = PBXNativeTarget;
			buildConfigurationList = D0936A1E1DE5FE830078AE47 /* Build configuration list for PBXNativeTarget "DrinkingGames" */;
			buildPhases = (
				D0936A051DE5FE830078AE47 /* Sources */,
				D0936A061DE5FE830078AE47 /* Frameworks */,
				D0936A071DE5FE830078AE47 /* Resources */,
			);
			buildRules = (
			);
			dependencies = (
			);
			name = DrinkingGames;
			productName = DrinkingGames;
			productReference = D0936A091DE5FE830078AE47 /* DrinkingGames.app */;
			productType = "com.apple.product-type.application";
		};
/* End PBXNativeTarget section */

/* Begin PBXProject section */
		D0936A011DE5FE820078AE47 /* Project object */ = {
			isa = PBXProject;
			attributes = {
				LastSwiftUpdateCheck = 0820;
				LastUpgradeCheck = 0820;
				ORGANIZATIONNAME = "Lee's";
				TargetAttributes = {
					D0936A081DE5FE830078AE47 = {
						CreatedOnToolsVersion = 8.2;
						ProvisioningStyle = Automatic;
					};
				};
			};
			buildConfigurationList = D0936A041DE5FE820078AE47 /* Build configuration list for PBXProject "DrinkingGames" */;
			compatibilityVersion = "Xcode 3.2";
			developmentRegion = English;
			hasScannedForEncodings = 0;
			knownRegions = (
				en,
				Base,
			);
			mainGroup = D0936A001DE5FE820078AE47;
			productRefGroup = D0936A0A1DE5FE830078AE47 /* Products */;
			projectDirPath = "";
			projectRoot = "";
			targets = (
				D0936A081DE5FE830078AE47 /* DrinkingGames */,
			);
		};
/* End PBXProject section */

/* Begin PBXResourcesBuildPhase section */
		D0936A071DE5FE830078AE47 /* Resources */ = {
			isa = PBXResourcesBuildPhase;
			buildActionMask = 2147483647;
			files = (
				D0936A1A1DE5FE830078AE47 /* LaunchScreen.storyboard in Resources */,
				D0936A171DE5FE830078AE47 /* Assets.xcassets in Resources */,
				D0936A121DE5FE830078AE47 /* Main.storyboard in Resources */,
			);
			runOnlyForDeploymentPostprocessing = 0;
		};
/* End PBXResourcesBuildPhase section */

/* Begin PBXSourcesBuildPhase section */
		D0936A051DE5FE830078AE47 /* Sources */ = {
			isa = PBXSourcesBuildPhase;
			buildActionMask = 2147483647;
			files = (
				D0936A151DE5FE830078AE47 /* DrinkingGames.xcdatamodeld in Sources */,
				D0936A0F1DE5FE830078AE47 /* ViewController.swift in Sources */,
				D0936A0D1DE5FE830078AE47 /* AppDelegate.swift in Sources */,
			);
			runOnlyForDeploymentPostprocessing = 0;
		};
/* End PBXSourcesBuildPhase section */

/* Begin PBXVariantGroup section */
		D0936A101DE5FE830078AE47 /* Main.storyboard */ = {
			isa = PBXVariantGroup;
			children = (
				D0936A111DE5FE830078AE47 /* Base */,
			);
			name = Main.storyboard;
			sourceTree = "<group>";
		};
		D0936A181DE5FE830078AE47 /* LaunchScreen.storyboard */ = {
			isa = PBXVariantGroup;
			children = (
				D0936A191DE5FE830078AE47 /* Base */,
			);
			name = LaunchScreen.storyboard;
			sourceTree = "<group>";
		};
/* End PBXVariantGroup section */

/* Begin XCBuildConfiguration section */
		D0936A1C1DE5FE830078AE47 /* Debug */ = {
			isa = XCBuildConfiguration;
			buildSettings = {
				ALWAYS_SEARCH_USER_PATHS = NO;
				CLANG_ANALYZER_NONNULL = YES;
				CLANG_CXX_LANGUAGE_STANDARD = "gnu++0x";
				CLANG_CXX_LIBRARY = "libc++";
				CLANG_ENABLE_MODULES = YES;
				CLANG_ENABLE_OBJC_ARC = YES;
				CLANG_WARN_BOOL_CONVERSION = YES;
				CLANG_WARN_CONSTANT_CONVERSION = YES;
				CLANG_WARN_DIRECT_OBJC_ISA_USAGE = YES_ERROR;
				CLANG_WARN_DOCUMENTATION_COMMENTS = YES;
				CLANG_WARN_EMPTY_BODY = YES;
				CLANG_WARN_ENUM_CONVERSION = YES;
				CLANG_WARN_INFINITE_RECURSION = YES;
				CLANG_WARN_INT_CONVERSION = YES;
				CLANG_WARN_OBJC_ROOT_CLASS = YES_ERROR;
				CLANG_WARN_SUSPICIOUS_MOVE = YES;
				CLANG_WARN_UNREACHABLE_CODE = YES;
				CLANG_WARN__DUPLICATE_METHOD_MATCH = YES;
				"CODE_SIGN_IDENTITY[sdk=iphoneos*]" = "iPhone Developer";
				COPY_PHASE_STRIP = NO;
				DEBUG_INFORMATION_FORMAT = dwarf;
				ENABLE_STRICT_OBJC_MSGSEND = YES;
				ENABLE_TESTABILITY = YES;
				GCC_C_LANGUAGE_STANDARD = gnu99;
				GCC_DYNAMIC_NO_PIC = NO;
				GCC_NO_COMMON_BLOCKS = YES;
				GCC_OPTIMIZATION_LEVEL = 0;
				GCC_PREPROCESSOR_DEFINITIONS = (
					"DEBUG=1",
					"$(inherited)",
				);
				GCC_WARN_64_TO_32_BIT_CONVERSION = YES;
				GCC_WARN_ABOUT_RETURN_TYPE = YES_ERROR;
				GCC_WARN_UNDECLARED_SELECTOR = YES;
				GCC_WARN_UNINITIALIZED_AUTOS = YES_AGGRESSIVE;
				GCC_WARN_UNUSED_FUNCTION = YES;
				GCC_WARN_UNUSED_VARIABLE = YES;
				IPHONEOS_DEPLOYMENT_TARGET = 10.2;
				MTL_ENABLE_DEBUG_INFO = YES;
				ONLY_ACTIVE_ARCH = YES;
				SDKROOT = iphoneos;
				SWIFT_ACTIVE_COMPILATION_CONDITIONS = DEBUG;
				SWIFT_OPTIMIZATION_LEVEL = "-Onone";
				TARGETED_DEVICE_FAMILY = "1,2";
			};
			name = Debug;
		};
		D0936A1D1DE5FE830078AE47 /* Release */ = {
			isa = XCBuildConfiguration;
			buildSettings = {
				ALWAYS_SEARCH_USER_PATHS = NO;
				CLANG_ANALYZER_NONNULL = YES;
				CLANG_CXX_LANGUAGE_STANDARD = "gnu++0x";
				CLANG_CXX_LIBRARY = "libc++";
				CLANG_ENABLE_MODULES = YES;
				CLANG_ENABLE_OBJC_ARC = YES;
				CLANG_WARN_BOOL_CONVERSION = YES;
				CLANG_WARN_CONSTANT_CONVERSION = YES;
				CLANG_WARN_DIRECT_OBJC_ISA_USAGE = YES_ERROR;
				CLANG_WARN_DOCUMENTATION_COMMENTS = YES;
				CLANG_WARN_EMPTY_BODY = YES;
				CLANG_WARN_ENUM_CONVERSION = YES;
				CLANG_WARN_INFINITE_RECURSION = YES;
				CLANG_WARN_INT_CONVERSION = YES;
				CLANG_WARN_OBJC_ROOT_CLASS = YES_ERROR;
				CLANG_WARN_SUSPICIOUS_MOVE = YES;
				CLANG_WARN_UNREACHABLE_CODE = YES;
				CLANG_WARN__DUPLICATE_METHOD_MATCH = YES;
				"CODE_SIGN_IDENTITY[sdk=iphoneos*]" = "iPhone Developer";
				COPY_PHASE_STRIP = NO;
				DEBUG_INFORMATION_FORMAT = "dwarf-with-dsym";
				ENABLE_NS_ASSERTIONS = NO;
				ENABLE_STRICT_OBJC_MSGSEND = YES;
				GCC_C_LANGUAGE_STANDARD = gnu99;
				GCC_NO_COMMON_BLOCKS = YES;
				GCC_WARN_64_TO_32_BIT_CONVERSION = YES;
				GCC_WARN_ABOUT_RETURN_TYPE = YES_ERROR;
				GCC_WARN_UNDECLARED_SELECTOR = YES;
				GCC_WARN_UNINITIALIZED_AUTOS = YES_AGGRESSIVE;
				GCC_WARN_UNUSED_FUNCTION = YES;
				GCC_WARN_UNUSED_VARIABLE = YES;
				IPHONEOS_DEPLOYMENT_TARGET = 10.2;
				MTL_ENABLE_DEBUG_INFO = NO;
				SDKROOT = iphoneos;
				SWIFT_OPTIMIZATION_LEVEL = "-Owholemodule";
				TARGETED_DEVICE_FAMILY = "1,2";
				VALIDATE_PRODUCT = YES;
			};
			name = Release;
		};
		D0936A1F1DE5FE830078AE47 /* Debug */ = {
			isa = XCBuildConfiguration;
			buildSettings = {
				ASSETCATALOG_COMPILER_APPICON_NAME = AppIcon;
				INFOPLIST_FILE = DrinkingGames/Info.plist;
				LD_RUNPATH_SEARCH_PATHS = "$(inherited) @executable_path/Frameworks";
				PRODUCT_BUNDLE_IDENTIFIER = com.lee.DrinkingGames;
				PRODUCT_NAME = "$(TARGET_NAME)";
				SWIFT_VERSION = 3.0;
			};
			name = Debug;
		};
		D0936A201DE5FE830078AE47 /* Release */ = {
			isa = XCBuildConfiguration;
			buildSettings = {
				ASSETCATALOG_COMPILER_APPICON_NAME = AppIcon;
				INFOPLIST_FILE = DrinkingGames/Info.plist;
				LD_RUNPATH_SEARCH_PATHS = "$(inherited) @executable_path/Frameworks";
				PRODUCT_BUNDLE_IDENTIFIER = com.lee.DrinkingGames;
				PRODUCT_NAME = "$(TARGET_NAME)";
				SWIFT_VERSION = 3.0;
			};
			name = Release;
		};
/* End XCBuildConfiguration section */

/* Begin XCConfigurationList section */
		D0936A041DE5FE820078AE47 /* Build configuration list for PBXProject "DrinkingGames" */ = {
			isa = XCConfigurationList;
			buildConfigurations = (
				D0936A1C1DE5FE830078AE47 /* Debug */,
				D0936A1D1DE5FE830078AE47 /* Release */,
			);
			defaultConfigurationIsVisible = 0;
			defaultConfigurationName = Release;
		};
		D0936A1E1DE5FE830078AE47 /* Build configuration list for PBXNativeTarget "DrinkingGames" */ = {
			isa = XCConfigurationList;
			buildConfigurations = (
				D0936A1F1DE5FE830078AE47 /* Debug */,
				D0936A201DE5FE830078AE47 /* Release */,
			);
			defaultConfigurationIsVisible = 0;
		};
/* End XCConfigurationList section */

/* Begin XCVersionGroup section */
		D0936A131DE5FE830078AE47 /* DrinkingGames.xcdatamodeld */ = {
			isa = XCVersionGroup;
			children = (
				D0936A141DE5FE830078AE47 /* DrinkingGames.xcdatamodel */,
			);
			currentVersion = D0936A141DE5FE830078AE47 /* DrinkingGames.xcdatamodel */;
			path = DrinkingGames.xcdatamodeld;
			sourceTree = "<group>";
			versionGroupType = wrapper.xcdatamodel;
		};
/* End XCVersionGroup section */
	};
	rootObject = D0936A011DE5FE820078AE47 /* Project object */;
}
